{
  "name": "bookstore",
  "requires": true,
  "lockfileVersion": 1,
  "dependencies": {
    "carrier": {
      "version": "0.1.14",
      "resolved": "https://registry.npmjs.org/carrier/-/carrier-0.1.14.tgz",
      "integrity": "sha1-f2CZvAMm4mFJsFLeFl+duzt57GI="
    },
    "colors": {
      "version": "0.6.2",
      "resolved": "https://registry.npmjs.org/colors/-/colors-0.6.2.tgz",
      "integrity": "sha1-JCP+ZnisDF2uiFLl0OW+CMmXq8w="
    },
    "jquery-mask-plugin": {
      "version": "1.14.15",
      "resolved": "https://registry.npmjs.org/jquery-mask-plugin/-/jquery-mask-plugin-1.14.15.tgz",
      "integrity": "sha512-/mI1N5WG9E7JmjFWIQBIMuG/4QlZDAXuoNjHoqVWZSMah+go5hp/xKI/xC0Jud9Ly4HqqhFxY4AXLTUZT+J7Hg=="
    },
    "jssc": {
      "version": "0.2.6",
      "resolved": "https://registry.npmjs.org/jssc/-/jssc-0.2.6.tgz",
      "integrity": "sha1-6XFCENof1UsoEx/QsgmG63f/2lw=",
      "requires": {
        "carrier": "~0.1.10",
        "colors": "~0.6.0-1",
        "keypress": "~0.2.1"
      }
    },
    "keypress": {
      "version": "0.2.1",
      "resolved": "https://registry.npmjs.org/keypress/-/keypress-0.2.1.tgz",
      "integrity": "sha1-HoBFQlABjbrUw/6USX1uZ7YmnHc="
    }
  }
}
