# THIS IS AN AUTOGENERATED FILE. DO NOT EDIT THIS FILE DIRECTLY.
# yarn lockfile v1


carrier@~0.1.10:
  version "0.1.14"
  resolved "https://registry.yarnpkg.com/carrier/-/carrier-0.1.14.tgz#7f6099bc0326e26149b052de165f9dbb3b79ec62"
  integrity sha1-f2CZvAMm4mFJsFLeFl+duzt57GI=

colors@~0.6.0-1:
  version "0.6.2"
  resolved "https://registry.yarnpkg.com/colors/-/colors-0.6.2.tgz#2423fe6678ac0c5dae8852e5d0e5be08c997abcc"
  integrity sha1-JCP+ZnisDF2uiFLl0OW+CMmXq8w=

jssc@^0.2.6:
  version "0.2.6"
  resolved "https://registry.yarnpkg.com/jssc/-/jssc-0.2.6.tgz#e9714210da1fd54b28131fd0b20986eb77ffda5c"
  integrity sha1-6XFCENof1UsoEx/QsgmG63f/2lw=
  dependencies:
    carrier "~0.1.10"
    colors "~0.6.0-1"
    keypress "~0.2.1"

keypress@~0.2.1:
  version "0.2.1"
  resolved "https://registry.yarnpkg.com/keypress/-/keypress-0.2.1.tgz#1e80454250018dbad4c3fe94497d6e67b6269c77"
  integrity sha1-HoBFQlABjbrUw/6USX1uZ7YmnHc=
